
Microsoft Visual Studio Solution File, Format Version 12.00
# Visual Studio 2013
VisualStudioVersion = 12.0.31101.0
MinimumVisualStudioVersion = 10.0.40219.1
Project("{8BC9CEB8-8B4A-11D0-8D11-00A0C91BC942}") = "Calculation Of Electricity 2", "Calculation Of Electricity 2\Calculation Of Electricity 2.vcxproj", "{0DBC78CE-0D9D-4CC3-BA8B-8F86863B9BE4}"
EndProject
Project("{8BC9CEB8-8B4A-11D0-8D11-00A0C91BC942}") = "Calculation Of Electricity 3", "Calculation Of Electricity 3\Calculation Of Electricity 3.vcxproj", "{BC4D51F6-85B1-47F5-852B-AB98A6E6E2EA}"
EndProject
Global
	GlobalSection(SolutionConfigurationPlatforms) = preSolution
		Debug|Win32 = Debug|Win32
		Release|Win32 = Release|Win32
	EndGlobalSection
	GlobalSection(ProjectConfigurationPlatforms) = postSolution
		{0DBC78CE-0D9D-4CC3-BA8B-8F86863B9BE4}.Debug|Win32.ActiveCfg = Debug|Win32
		{0DBC78CE-0D9D-4CC3-BA8B-8F86863B9BE4}.Debug|Win32.Build.0 = Debug|Win32
		{0DBC78CE-0D9D-4CC3-BA8B-8F86863B9BE4}.Release|Win32.ActiveCfg = Release|Win32
		{0DBC78CE-0D9D-4CC3-BA8B-8F86863B9BE4}.Release|Win32.Build.0 = Release|Win32
		{BC4D51F6-85B1-47F5-852B-AB98A6E6E2EA}.Debug|Win32.ActiveCfg = Debug|Win32
		{BC4D51F6-85B1-47F5-852B-AB98A6E6E2EA}.Debug|Win32.Build.0 = Debug|Win32
		{BC4D51F6-85B1-47F5-852B-AB98A6E6E2EA}.Release|Win32.ActiveCfg = Release|Win32
		{BC4D51F6-85B1-47F5-852B-AB98A6E6E2EA}.Release|Win32.Build.0 = Release|Win32
	EndGlobalSection
	GlobalSection(SolutionProperties) = preSolution
		HideSolutionNode = FALSE
	EndGlobalSection
EndGlobal
